// !$*UTF8*$!
{
	archiveVersion = 1;
	classes = {
	};
	objectVersion = 56;
	objects = {

/* Begin PBXBuildFile section */
		EAFAFCC9299AC85800E077DE /* WeatherApp.swift in Sources */ = {isa = PBXBuildFile; fileRef = EAFAFCC8299AC85800E077DE /* WeatherApp.swift */; };
		EAFAFCCB299AC85800E077DE /* ContentView.swift in Sources */ = {isa = PBXBuildFile; fileRef = EAFAFCCA299AC85800E077DE /* ContentView.swift */; };
		EAFAFCCD299AC85B00E077DE /* Assets.xcassets in Resources */ = {isa = PBXBuildFile; fileRef = EAFAFCCC299AC85B00E077DE /* Assets.xcassets */; };
		EAFAFCD0299AC85B00E077DE /* Preview Assets.xcassets in Resources */ = {isa = PBXBuildFile; fileRef = EAFAFCCF299AC85B00E077DE /* Preview Assets.xcassets */; };
		EAFAFCDE299BBBD800E077DE /* Extensions.swift in Sources */ = {isa = PBXBuildFile; fileRef = EAFAFCDD299BBBD800E077DE /* Extensions.swift */; };
		EAFAFCE2299BD7DD00E077DE /* HomeView.swift in Sources */ = {isa = PBXBuildFile; fileRef = EAFAFCE1299BD7DD00E077DE /* HomeView.swift */; };
		EAFAFCE4299C09F900E077DE /* TabBar.swift in Sources */ = {isa = PBXBuildFile; fileRef = EAFAFCE3299C09F900E077DE /* TabBar.swift */; };
		EAFAFCE6299C1DDD00E077DE /* Shapes.swift in Sources */ = {isa = PBXBuildFile; fileRef = EAFAFCE5299C1DDD00E077DE /* Shapes.swift */; };
		EAFAFCE9299C30C700E077DE /* BottomSheet in Frameworks */ = {isa = PBXBuildFile; productRef = EAFAFCE8299C30C700E077DE /* BottomSheet */; };
		EAFAFCEB299C594400E077DE /* ForecastView.swift in Sources */ = {isa = PBXBuildFile; fileRef = EAFAFCEA299C594400E077DE /* ForecastView.swift */; };
/* End PBXBuildFile section */

/* Begin PBXFileReference section */
		EAFAFCC5299AC85800E077DE /* Weather.app */ = {isa = PBXFileReference; explicitFileType = wrapper.application; includeInIndex = 0; path = Weather.app; sourceTree = BUILT_PRODUCTS_DIR; };
		EAFAFCC8299AC85800E077DE /* WeatherApp.swift */ = {isa = PBXFileReference; lastKnownFileType = sourcecode.swift; path = WeatherApp.swift; sourceTree = "<group>"; };
		EAFAFCCA299AC85800E077DE /* ContentView.swift */ = {isa = PBXFileReference; lastKnownFileType = sourcecode.swift; path = ContentView.swift; sourceTree = "<group>"; };
		EAFAFCCC299AC85B00E077DE /* Assets.xcassets */ = {isa = PBXFileReference; lastKnownFileType = folder.assetcatalog; path = Assets.xcassets; sourceTree = "<group>"; };
		EAFAFCCF299AC85B00E077DE /* Preview Assets.xcassets */ = {isa = PBXFileReference; lastKnownFileType = folder.assetcatalog; path = "Preview Assets.xcassets"; sourceTree = "<group>"; };
		EAFAFCDD299BBBD800E077DE /* Extensions.swift */ = {isa = PBXFileReference; lastKnownFileType = sourcecode.swift; path = Extensions.swift; sourceTree = "<group>"; };
		EAFAFCE1299BD7DD00E077DE /* HomeView.swift */ = {isa = PBXFileReference; lastKnownFileType = sourcecode.swift; path = HomeView.swift; sourceTree = "<group>"; };
		EAFAFCE3299C09F900E077DE /* TabBar.swift */ = {isa = PBXFileReference; lastKnownFileType = sourcecode.swift; path = TabBar.swift; sourceTree = "<group>"; };
		EAFAFCE5299C1DDD00E077DE /* Shapes.swift */ = {isa = PBXFileReference; lastKnownFileType = sourcecode.swift; path = Shapes.swift; sourceTree = "<group>"; };
		EAFAFCEA299C594400E077DE /* ForecastView.swift */ = {isa = PBXFileReference; lastKnownFileType = sourcecode.swift; path = ForecastView.swift; sourceTree = "<group>"; };
/* End PBXFileReference section */

/* Begin PBXFrameworksBuildPhase section */
		EAFAFCC2299AC85800E077DE /* Frameworks */ = {
			isa = PBXFrameworksBuildPhase;
			buildActionMask = 2147483647;
			files = (
				EAFAFCE9299C30C700E077DE /* BottomSheet in Frameworks */,
			);
			runOnlyForDeploymentPostprocessing = 0;
		};
/* End PBXFrameworksBuildPhase section */

/* Begin PBXGroup section */
		EAFAFCBC299AC85800E077DE = {
			isa = PBXGroup;
			children = (
				EAFAFCC7299AC85800E077DE /* Weather */,
				EAFAFCC6299AC85800E077DE /* Products */,
			);
			sourceTree = "<group>";
		};
		EAFAFCC6299AC85800E077DE /* Products */ = {
			isa = PBXGroup;
			children = (
				EAFAFCC5299AC85800E077DE /* Weather.app */,
			);
			name = Products;
			sourceTree = "<group>";
		};
		EAFAFCC7299AC85800E077DE /* Weather */ = {
			isa = PBXGroup;
			children = (
				EAFAFCC8299AC85800E077DE /* WeatherApp.swift */,
				EAFAFCD7299AE37E00E077DE /* Views */,
				EAFAFCD6299AE37000E077DE /* Models */,
				EAFAFCD8299AE38900E077DE /* Utils */,
				EAFAFCCC299AC85B00E077DE /* Assets.xcassets */,
				EAFAFCCE299AC85B00E077DE /* Preview Content */,
			);
			path = Weather;
			sourceTree = "<group>";
		};
		EAFAFCCE299AC85B00E077DE /* Preview Content */ = {
			isa = PBXGroup;
			children = (
				EAFAFCCF299AC85B00E077DE /* Preview Assets.xcassets */,
			);
			path = "Preview Content";
			sourceTree = "<group>";
		};
		EAFAFCD6299AE37000E077DE /* Models */ = {
			isa = PBXGroup;
			children = (
			);
			path = Models;
			sourceTree = "<group>";
		};
		EAFAFCD7299AE37E00E077DE /* Views */ = {
			isa = PBXGroup;
			children = (
				EAFAFCD9299AEDF200E077DE /* Main */,
				EAFAFCDA299AEDFC00E077DE /* Navigation */,
				EAFAFCDB299AEE0700E077DE /* Detail */,
				EAFAFCDC299AEE1200E077DE /* Components */,
			);
			path = Views;
			sourceTree = "<group>";
		};
		EAFAFCD8299AE38900E077DE /* Utils */ = {
			isa = PBXGroup;
			children = (
				EAFAFCDD299BBBD800E077DE /* Extensions.swift */,
				EAFAFCE5299C1DDD00E077DE /* Shapes.swift */,
			);
			path = Utils;
			sourceTree = "<group>";
		};
		EAFAFCD9299AEDF200E077DE /* Main */ = {
			isa = PBXGroup;
			children = (
				EAFAFCCA299AC85800E077DE /* ContentView.swift */,
				EAFAFCE1299BD7DD00E077DE /* HomeView.swift */,
			);
			path = Main;
			sourceTree = "<group>";
		};
		EAFAFCDA299AEDFC00E077DE /* Navigation */ = {
			isa = PBXGroup;
			children = (
				EAFAFCE3299C09F900E077DE /* TabBar.swift */,
			);
			path = Navigation;
			sourceTree = "<group>";
		};
		EAFAFCDB299AEE0700E077DE /* Detail */ = {
			isa = PBXGroup;
			children = (
				EAFAFCEA299C594400E077DE /* ForecastView.swift */,
			);
			path = Detail;
			sourceTree = "<group>";
		};
		EAFAFCDC299AEE1200E077DE /* Components */ = {
			isa = PBXGroup;
			children = (
			);
			path = Components;
			sourceTree = "<group>";
		};
/* End PBXGroup section */

/* Begin PBXNativeTarget section */
		EAFAFCC4299AC85800E077DE /* Weather */ = {
			isa = PBXNativeTarget;
			buildConfigurationList = EAFAFCD3299AC85B00E077DE /* Build configuration list for PBXNativeTarget "Weather" */;
			buildPhases = (
				EAFAFCC1299AC85800E077DE /* Sources */,
				EAFAFCC2299AC85800E077DE /* Frameworks */,
				EAFAFCC3299AC85800E077DE /* Resources */,
			);
			buildRules = (
			);
			dependencies = (
			);
			name = Weather;
			packageProductDependencies = (
				EAFAFCE8299C30C700E077DE /* BottomSheet */,
			);
			productName = Weather;
			productReference = EAFAFCC5299AC85800E077DE /* Weather.app */;
			productType = "com.apple.product-type.application";
		};
/* End PBXNativeTarget section */

/* Begin PBXProject section */
		EAFAFCBD299AC85800E077DE /* Project object */ = {
			isa = PBXProject;
			attributes = {
				BuildIndependentTargetsInParallel = 1;
				LastSwiftUpdateCheck = 1420;
				LastUpgradeCheck = 1420;
				TargetAttributes = {
					EAFAFCC4299AC85800E077DE = {
						CreatedOnToolsVersion = 14.2;
					};
				};
			};
			buildConfigurationList = EAFAFCC0299AC85800E077DE /* Build configuration list for PBXProject "Weather" */;
			compatibilityVersion = "Xcode 14.0";
			developmentRegion = en;
			hasScannedForEncodings = 0;
			knownRegions = (
				en,
				Base,
			);
			mainGroup = EAFAFCBC299AC85800E077DE;
			packageReferences = (
				EAFAFCE7299C30C700E077DE /* XCRemoteSwiftPackageReference "BottomSheet" */,
			);
			productRefGroup = EAFAFCC6299AC85800E077DE /* Products */;
			projectDirPath = "";
			projectRoot = "";
			targets = (
				EAFAFCC4299AC85800E077DE /* Weather */,
			);
		};
/* End PBXProject section */

/* Begin PBXResourcesBuildPhase section */
		EAFAFCC3299AC85800E077DE /* Resources */ = {
			isa = PBXResourcesBuildPhase;
			buildActionMask = 2147483647;
			files = (
				EAFAFCD0299AC85B00E077DE /* Preview Assets.xcassets in Resources */,
				EAFAFCCD299AC85B00E077DE /* Assets.xcassets in Resources */,
			);
			runOnlyForDeploymentPostprocessing = 0;
		};
/* End PBXResourcesBuildPhase section */

/* Begin PBXSourcesBuildPhase section */
		EAFAFCC1299AC85800E077DE /* Sources */ = {
			isa = PBXSourcesBuildPhase;
			buildActionMask = 2147483647;
			files = (
				EAFAFCCB299AC85800E077DE /* ContentView.swift in Sources */,
				EAFAFCE2299BD7DD00E077DE /* HomeView.swift in Sources */,
				EAFAFCDE299BBBD800E077DE /* Extensions.swift in Sources */,
				EAFAFCC9299AC85800E077DE /* WeatherApp.swift in Sources */,
				EAFAFCEB299C594400E077DE /* ForecastView.swift in Sources */,
				EAFAFCE4299C09F900E077DE /* TabBar.swift in Sources */,
				EAFAFCE6299C1DDD00E077DE /* Shapes.swift in Sources */,
			);
			runOnlyForDeploymentPostprocessing = 0;
		};
/* End PBXSourcesBuildPhase section */

/* Begin XCBuildConfiguration section */
		EAFAFCD1299AC85B00E077DE /* Debug */ = {
			isa = XCBuildConfiguration;
			buildSettings = {
				ALWAYS_SEARCH_USER_PATHS = NO;
				CLANG_ANALYZER_NONNULL = YES;
				CLANG_ANALYZER_NUMBER_OBJECT_CONVERSION = YES_AGGRESSIVE;
				CLANG_CXX_LANGUAGE_STANDARD = "gnu++20";
				CLANG_ENABLE_MODULES = YES;
				CLANG_ENABLE_OBJC_ARC = YES;
				CLANG_ENABLE_OBJC_WEAK = YES;
				CLANG_WARN_BLOCK_CAPTURE_AUTORELEASING = YES;
				CLANG_WARN_BOOL_CONVERSION = YES;
				CLANG_WARN_COMMA = YES;
				CLANG_WARN_CONSTANT_CONVERSION = YES;
				CLANG_WARN_DEPRECATED_OBJC_IMPLEMENTATIONS = YES;
				CLANG_WARN_DIRECT_OBJC_ISA_USAGE = YES_ERROR;
				CLANG_WARN_DOCUMENTATION_COMMENTS = YES;
				CLANG_WARN_EMPTY_BODY = YES;
				CLANG_WARN_ENUM_CONVERSION = YES;
				CLANG_WARN_INFINITE_RECURSION = YES;
				CLANG_WARN_INT_CONVERSION = YES;
				CLANG_WARN_NON_LITERAL_NULL_CONVERSION = YES;
				CLANG_WARN_OBJC_IMPLICIT_RETAIN_SELF = YES;
				CLANG_WARN_OBJC_LITERAL_CONVERSION = YES;
				CLANG_WARN_OBJC_ROOT_CLASS = YES_ERROR;
				CLANG_WARN_QUOTED_INCLUDE_IN_FRAMEWORK_HEADER = YES;
				CLANG_WARN_RANGE_LOOP_ANALYSIS = YES;
				CLANG_WARN_STRICT_PROTOTYPES = YES;
				CLANG_WARN_SUSPICIOUS_MOVE = YES;
				CLANG_WARN_UNGUARDED_AVAILABILITY = YES_AGGRESSIVE;
				CLANG_WARN_UNREACHABLE_CODE = YES;
				CLANG_WARN__DUPLICATE_METHOD_MATCH = YES;
				COPY_PHASE_STRIP = NO;
				DEBUG_INFORMATION_FORMAT = dwarf;
				ENABLE_STRICT_OBJC_MSGSEND = YES;
				ENABLE_TESTABILITY = YES;
				GCC_C_LANGUAGE_STANDARD = gnu11;
				GCC_DYNAMIC_NO_PIC = NO;
				GCC_NO_COMMON_BLOCKS = YES;
				GCC_OPTIMIZATION_LEVEL = 0;
				GCC_PREPROCESSOR_DEFINITIONS = (
					"DEBUG=1",
					"$(inherited)",
				);
				GCC_WARN_64_TO_32_BIT_CONVERSION = YES;
				GCC_WARN_ABOUT_RETURN_TYPE = YES_ERROR;
				GCC_WARN_UNDECLARED_SELECTOR = YES;
				GCC_WARN_UNINITIALIZED_AUTOS = YES_AGGRESSIVE;
				GCC_WARN_UNUSED_FUNCTION = YES;
				GCC_WARN_UNUSED_VARIABLE = YES;
				IPHONEOS_DEPLOYMENT_TARGET = 16.2;
				MTL_ENABLE_DEBUG_INFO = INCLUDE_SOURCE;
				MTL_FAST_MATH = YES;
				ONLY_ACTIVE_ARCH = YES;
				SDKROOT = iphoneos;
				SWIFT_ACTIVE_COMPILATION_CONDITIONS = DEBUG;
				SWIFT_OPTIMIZATION_LEVEL = "-Onone";
			};
			name = Debug;
		};
		EAFAFCD2299AC85B00E077DE /* Release */ = {
			isa = XCBuildConfiguration;
			buildSettings = {
				ALWAYS_SEARCH_USER_PATHS = NO;
				CLANG_ANALYZER_NONNULL = YES;
				CLANG_ANALYZER_NUMBER_OBJECT_CONVERSION = YES_AGGRESSIVE;
				CLANG_CXX_LANGUAGE_STANDARD = "gnu++20";
				CLANG_ENABLE_MODULES = YES;
				CLANG_ENABLE_OBJC_ARC = YES;
				CLANG_ENABLE_OBJC_WEAK = YES;
				CLANG_WARN_BLOCK_CAPTURE_AUTORELEASING = YES;
				CLANG_WARN_BOOL_CONVERSION = YES;
				CLANG_WARN_COMMA = YES;
				CLANG_WARN_CONSTANT_CONVERSION = YES;
				CLANG_WARN_DEPRECATED_OBJC_IMPLEMENTATIONS = YES;
				CLANG_WARN_DIRECT_OBJC_ISA_USAGE = YES_ERROR;
				CLANG_WARN_DOCUMENTATION_COMMENTS = YES;
				CLANG_WARN_EMPTY_BODY = YES;
				CLANG_WARN_ENUM_CONVERSION = YES;
				CLANG_WARN_INFINITE_RECURSION = YES;
				CLANG_WARN_INT_CONVERSION = YES;
				CLANG_WARN_NON_LITERAL_NULL_CONVERSION = YES;
				CLANG_WARN_OBJC_IMPLICIT_RETAIN_SELF = YES;
				CLANG_WARN_OBJC_LITERAL_CONVERSION = YES;
				CLANG_WARN_OBJC_ROOT_CLASS = YES_ERROR;
				CLANG_WARN_QUOTED_INCLUDE_IN_FRAMEWORK_HEADER = YES;
				CLANG_WARN_RANGE_LOOP_ANALYSIS = YES;
				CLANG_WARN_STRICT_PROTOTYPES = YES;
				CLANG_WARN_SUSPICIOUS_MOVE = YES;
				CLANG_WARN_UNGUARDED_AVAILABILITY = YES_AGGRESSIVE;
				CLANG_WARN_UNREACHABLE_CODE = YES;
				CLANG_WARN__DUPLICATE_METHOD_MATCH = YES;
				COPY_PHASE_STRIP = NO;
				DEBUG_INFORMATION_FORMAT = "dwarf-with-dsym";
				ENABLE_NS_ASSERTIONS = NO;
				ENABLE_STRICT_OBJC_MSGSEND = YES;
				GCC_C_LANGUAGE_STANDARD = gnu11;
				GCC_NO_COMMON_BLOCKS = YES;
				GCC_WARN_64_TO_32_BIT_CONVERSION = YES;
				GCC_WARN_ABOUT_RETURN_TYPE = YES_ERROR;
				GCC_WARN_UNDECLARED_SELECTOR = YES;
				GCC_WARN_UNINITIALIZED_AUTOS = YES_AGGRESSIVE;
				GCC_WARN_UNUSED_FUNCTION = YES;
				GCC_WARN_UNUSED_VARIABLE = YES;
				IPHONEOS_DEPLOYMENT_TARGET = 16.2;
				MTL_ENABLE_DEBUG_INFO = NO;
				MTL_FAST_MATH = YES;
				SDKROOT = iphoneos;
				SWIFT_COMPILATION_MODE = wholemodule;
				SWIFT_OPTIMIZATION_LEVEL = "-O";
				VALIDATE_PRODUCT = YES;
			};
			name = Release;
		};
		EAFAFCD4299AC85B00E077DE /* Debug */ = {
			isa = XCBuildConfiguration;
			buildSettings = {
				ASSETCATALOG_COMPILER_APPICON_NAME = AppIcon;
				ASSETCATALOG_COMPILER_GLOBAL_ACCENT_COLOR_NAME = AccentColor;
				CODE_SIGN_STYLE = Automatic;
				CURRENT_PROJECT_VERSION = 1;
				DEVELOPMENT_ASSET_PATHS = "\"Weather/Preview Content\"";
				DEVELOPMENT_TEAM = 3K9KJDV42Q;
				ENABLE_PREVIEWS = YES;
				GENERATE_INFOPLIST_FILE = YES;
				INFOPLIST_KEY_UIApplicationSceneManifest_Generation = YES;
				INFOPLIST_KEY_UIApplicationSupportsIndirectInputEvents = YES;
				INFOPLIST_KEY_UILaunchScreen_Generation = YES;
				INFOPLIST_KEY_UISupportedInterfaceOrientations_iPad = "UIInterfaceOrientationPortrait UIInterfaceOrientationPortraitUpsideDown UIInterfaceOrientationLandscapeLeft UIInterfaceOrientationLandscapeRight";
				INFOPLIST_KEY_UISupportedInterfaceOrientations_iPhone = "UIInterfaceOrientationPortrait UIInterfaceOrientationLandscapeLeft UIInterfaceOrientationLandscapeRight";
				LD_RUNPATH_SEARCH_PATHS = (
					"$(inherited)",
					"@executable_path/Frameworks",
				);
				MARKETING_VERSION = 1.0;
				PRODUCT_BUNDLE_IDENTIFIER = com.kharioki.Weather;
				PRODUCT_NAME = "$(TARGET_NAME)";
				SWIFT_EMIT_LOC_STRINGS = YES;
				SWIFT_VERSION = 5.0;
				TARGETED_DEVICE_FAMILY = "1,2";
			};
			name = Debug;
		};
		EAFAFCD5299AC85B00E077DE /* Release */ = {
			isa = XCBuildConfiguration;
			buildSettings = {
				ASSETCATALOG_COMPILER_APPICON_NAME = AppIcon;
				ASSETCATALOG_COMPILER_GLOBAL_ACCENT_COLOR_NAME = AccentColor;
				CODE_SIGN_STYLE = Automatic;
				CURRENT_PROJECT_VERSION = 1;
				DEVELOPMENT_ASSET_PATHS = "\"Weather/Preview Content\"";
				DEVELOPMENT_TEAM = 3K9KJDV42Q;
				ENABLE_PREVIEWS = YES;
				GENERATE_INFOPLIST_FILE = YES;
				INFOPLIST_KEY_UIApplicationSceneManifest_Generation = YES;
				INFOPLIST_KEY_UIApplicationSupportsIndirectInputEvents = YES;
				INFOPLIST_KEY_UILaunchScreen_Generation = YES;
				INFOPLIST_KEY_UISupportedInterfaceOrientations_iPad = "UIInterfaceOrientationPortrait UIInterfaceOrientationPortraitUpsideDown UIInterfaceOrientationLandscapeLeft UIInterfaceOrientationLandscapeRight";
				INFOPLIST_KEY_UISupportedInterfaceOrientations_iPhone = "UIInterfaceOrientationPortrait UIInterfaceOrientationLandscapeLeft UIInterfaceOrientationLandscapeRight";
				LD_RUNPATH_SEARCH_PATHS = (
					"$(inherited)",
					"@executable_path/Frameworks",
				);
				MARKETING_VERSION = 1.0;
				PRODUCT_BUNDLE_IDENTIFIER = com.kharioki.Weather;
				PRODUCT_NAME = "$(TARGET_NAME)";
				SWIFT_EMIT_LOC_STRINGS = YES;
				SWIFT_VERSION = 5.0;
				TARGETED_DEVICE_FAMILY = "1,2";
			};
			name = Release;
		};
/* End XCBuildConfiguration section */

/* Begin XCConfigurationList section */
		EAFAFCC0299AC85800E077DE /* Build configuration list for PBXProject "Weather" */ = {
			isa = XCConfigurationList;
			buildConfigurations = (
				EAFAFCD1299AC85B00E077DE /* Debug */,
				EAFAFCD2299AC85B00E077DE /* Release */,
			);
			defaultConfigurationIsVisible = 0;
			defaultConfigurationName = Release;
		};
		EAFAFCD3299AC85B00E077DE /* Build configuration list for PBXNativeTarget "Weather" */ = {
			isa = XCConfigurationList;
			buildConfigurations = (
				EAFAFCD4299AC85B00E077DE /* Debug */,
				EAFAFCD5299AC85B00E077DE /* Release */,
			);
			defaultConfigurationIsVisible = 0;
			defaultConfigurationName = Release;
		};
/* End XCConfigurationList section */

/* Begin XCRemoteSwiftPackageReference section */
		EAFAFCE7299C30C700E077DE /* XCRemoteSwiftPackageReference "BottomSheet" */ = {
			isa = XCRemoteSwiftPackageReference;
			repositoryURL = "https://github.com/Wouter125/BottomSheet";
			requirement = {
				kind = upToNextMajorVersion;
				minimumVersion = 1.0.0;
			};
		};
/* End XCRemoteSwiftPackageReference section */

/* Begin XCSwiftPackageProductDependency section */
		EAFAFCE8299C30C700E077DE /* BottomSheet */ = {
			isa = XCSwiftPackageProductDependency;
			package = EAFAFCE7299C30C700E077DE /* XCRemoteSwiftPackageReference "BottomSheet" */;
			productName = BottomSheet;
		};
/* End XCSwiftPackageProductDependency section */
	};
	rootObject = EAFAFCBD299AC85800E077DE /* Project object */;
}
